
Microsoft Visual Studio Solution File, Format Version 12.00
# Visual Studio Version 17
VisualStudioVersion = 17.7.34031.279
MinimumVisualStudioVersion = 10.0.40219.1
Project("{888888A0-9F3D-457C-B088-3A5042F75D52}") = "Python TEST", "Python TEST\Python TEST.pyproj", "{9EFB05CB-BF68-442F-B39D-D69C80FCA181}"
EndProject
Global
	GlobalSection(SolutionConfigurationPlatforms) = preSolution
		Debug|Any CPU = Debug|Any CPU
		Release|Any CPU = Release|Any CPU
	EndGlobalSection
	GlobalSection(ProjectConfigurationPlatforms) = postSolution
		{9EFB05CB-BF68-442F-B39D-D69C80FCA181}.Debug|Any CPU.ActiveCfg = Debug|Any CPU
		{9EFB05CB-BF68-442F-B39D-D69C80FCA181}.Release|Any CPU.ActiveCfg = Release|Any CPU
	EndGlobalSection
	GlobalSection(SolutionProperties) = preSolution
		HideSolutionNode = FALSE
	EndGlobalSection
	GlobalSection(ExtensibilityGlobals) = postSolution
		SolutionGuid = {BD486DB1-F260-4FD5-9D83-119540CFFECF}
	EndGlobalSection
EndGlobal
